
Microsoft Visual Studio Solution File, Format Version 12.00
# Visual Studio Version 17
VisualStudioVersion = 17.8.34330.188
MinimumVisualStudioVersion = 10.0.40219.1
Project("{2150E333-8FDC-42A3-9474-1A3956D46DE8}") = "Core", "Core", "{64A3E3A0-389C-417F-85D1-FF0418B0E77D}"
EndProject
Project("{2150E333-8FDC-42A3-9474-1A3956D46DE8}") = "Presentation", "Presentation", "{80D1115E-FA16-4715-ACDA-F2395B174446}"
EndProject
Project("{2150E333-8FDC-42A3-9474-1A3956D46DE8}") = "Test", "Test", "{1807A9DC-A5A2-4010-88A4-7F1DDC2A8E99}"
EndProject
Project("{9A19103F-16F7-4668-BE54-9A1E7A4F7556}") = "Booking.Notifications.Domain", "src\Core\Booking.Notifications.Domain\Booking.Notifications.Domain.csproj", "{CB8E8711-1328-4F18-B407-0D32727FA1CD}"
EndProject
Project("{9A19103F-16F7-4668-BE54-9A1E7A4F7556}") = "Booking.Notifications.Application", "src\Core\Booking.Notifications.Application\Booking.Notifications.Application.csproj", "{071BBA62-35FD-4115-8066-1BB47FD2F1F8}"
EndProject
Project("{9A19103F-16F7-4668-BE54-9A1E7A4F7556}") = "Booking.Notifications.WebAPI", "src\Presentation\Booking.Notifications.WebAPI\Booking.Notifications.WebAPI.csproj", "{AA62FC93-2ACC-408D-A793-FE3204F24DB9}"
EndProject
Project("{2150E333-8FDC-42A3-9474-1A3956D46DE8}") = "Infrastructure", "Infrastructure", "{2E0D64D0-D726-4935-AB4A-54EA6FA5403A}"
EndProject
Project("{9A19103F-16F7-4668-BE54-9A1E7A4F7556}") = "Booking.Notifications.Persistence", "src\Infrastructure\Booking.Notifications.Persistence\Booking.Notifications.Persistence.csproj", "{601AD7BB-01C6-40AE-8E4A-915F1ABCC380}"
EndProject
Global
	GlobalSection(SolutionConfigurationPlatforms) = preSolution
		Debug|Any CPU = Debug|Any CPU
		Release|Any CPU = Release|Any CPU
	EndGlobalSection
	GlobalSection(ProjectConfigurationPlatforms) = postSolution
		{CB8E8711-1328-4F18-B407-0D32727FA1CD}.Debug|Any CPU.ActiveCfg = Debug|Any CPU
		{CB8E8711-1328-4F18-B407-0D32727FA1CD}.Debug|Any CPU.Build.0 = Debug|Any CPU
		{CB8E8711-1328-4F18-B407-0D32727FA1CD}.Release|Any CPU.ActiveCfg = Release|Any CPU
		{CB8E8711-1328-4F18-B407-0D32727FA1CD}.Release|Any CPU.Build.0 = Release|Any CPU
		{071BBA62-35FD-4115-8066-1BB47FD2F1F8}.Debug|Any CPU.ActiveCfg = Debug|Any CPU
		{071BBA62-35FD-4115-8066-1BB47FD2F1F8}.Debug|Any CPU.Build.0 = Debug|Any CPU
		{071BBA62-35FD-4115-8066-1BB47FD2F1F8}.Release|Any CPU.ActiveCfg = Release|Any CPU
		{071BBA62-35FD-4115-8066-1BB47FD2F1F8}.Release|Any CPU.Build.0 = Release|Any CPU
		{AA62FC93-2ACC-408D-A793-FE3204F24DB9}.Debug|Any CPU.ActiveCfg = Debug|Any CPU
		{AA62FC93-2ACC-408D-A793-FE3204F24DB9}.Debug|Any CPU.Build.0 = Debug|Any CPU
		{AA62FC93-2ACC-408D-A793-FE3204F24DB9}.Release|Any CPU.ActiveCfg = Release|Any CPU
		{AA62FC93-2ACC-408D-A793-FE3204F24DB9}.Release|Any CPU.Build.0 = Release|Any CPU
		{601AD7BB-01C6-40AE-8E4A-915F1ABCC380}.Debug|Any CPU.ActiveCfg = Debug|Any CPU
		{601AD7BB-01C6-40AE-8E4A-915F1ABCC380}.Debug|Any CPU.Build.0 = Debug|Any CPU
		{601AD7BB-01C6-40AE-8E4A-915F1ABCC380}.Release|Any CPU.ActiveCfg = Release|Any CPU
		{601AD7BB-01C6-40AE-8E4A-915F1ABCC380}.Release|Any CPU.Build.0 = Release|Any CPU
	EndGlobalSection
	GlobalSection(SolutionProperties) = preSolution
		HideSolutionNode = FALSE
	EndGlobalSection
	GlobalSection(NestedProjects) = preSolution
		{CB8E8711-1328-4F18-B407-0D32727FA1CD} = {64A3E3A0-389C-417F-85D1-FF0418B0E77D}
		{071BBA62-35FD-4115-8066-1BB47FD2F1F8} = {64A3E3A0-389C-417F-85D1-FF0418B0E77D}
		{AA62FC93-2ACC-408D-A793-FE3204F24DB9} = {80D1115E-FA16-4715-ACDA-F2395B174446}
		{601AD7BB-01C6-40AE-8E4A-915F1ABCC380} = {2E0D64D0-D726-4935-AB4A-54EA6FA5403A}
	EndGlobalSection
	GlobalSection(ExtensibilityGlobals) = postSolution
		SolutionGuid = {D482C2FB-06DB-4B22-9634-F48E113714F1}
	EndGlobalSection
EndGlobal
